
Microsoft Visual Studio Solution File, Format Version 12.00
# Visual Studio Version 16
VisualStudioVersion = 16.0.32106.194
MinimumVisualStudioVersion = 10.0.40219.1
Project("{FAE04EC0-301F-11D3-BF4B-00C04F79EFBC}") = "WEP_API_CRUD_EXAMPLE", "WEP_API_CRUD_EXAMPLE\WEP_API_CRUD_EXAMPLE.csproj", "{BD38A2EA-D3A2-4B03-B13D-2BF917849113}"
EndProject
Global
	GlobalSection(SolutionConfigurationPlatforms) = preSolution
		Debug|Any CPU = Debug|Any CPU
		Release|Any CPU = Release|Any CPU
	EndGlobalSection
	GlobalSection(ProjectConfigurationPlatforms) = postSolution
		{BD38A2EA-D3A2-4B03-B13D-2BF917849113}.Debug|Any CPU.ActiveCfg = Debug|Any CPU
		{BD38A2EA-D3A2-4B03-B13D-2BF917849113}.Debug|Any CPU.Build.0 = Debug|Any CPU
		{BD38A2EA-D3A2-4B03-B13D-2BF917849113}.Release|Any CPU.ActiveCfg = Release|Any CPU
		{BD38A2EA-D3A2-4B03-B13D-2BF917849113}.Release|Any CPU.Build.0 = Release|Any CPU
	EndGlobalSection
	GlobalSection(SolutionProperties) = preSolution
		HideSolutionNode = FALSE
	EndGlobalSection
	GlobalSection(ExtensibilityGlobals) = postSolution
		SolutionGuid = {257E3411-0D79-416E-8BDD-7958215D4A07}
	EndGlobalSection
EndGlobal
